<?xml version="1.0" encoding="utf-8"?>
<Project ToolsVersion="4.0" xmlns="http://schemas.microsoft.com/developer/msbuild/2003">
  <ItemGroup>
    <Filter Include="Source Files">
      <UniqueIdentifier>{4FC737F1-C7A5-4376-A066-2A32D752A2FF}</UniqueIdentifier>
      <Extensions>cpp;c;cc;cxx;def;odl;idl;hpj;bat;asm;asmx</Extensions>
    </Filter>
    <Filter Include="Header Files">
      <UniqueIdentifier>{93995380-89BD-4b04-88EB-625FBE52EBFB}</UniqueIdentifier>
      <Extensions>h;hh;hpp;hxx;hm;inl;inc;xsd</Extensions>
    </Filter>
    <Filter Include="Resource Files">
      <UniqueIdentifier>{67DA6AB6-F800-4c08-8B7A-83BB121AAD01}</UniqueIdentifier>
      <Extensions>rc;ico;cur;bmp;dlg;rc2;rct;bin;rgs;gif;jpg;jpeg;jpe;resx;tiff;tif;png;wav;mfcribbon-ms</Extensions>
    </Filter>
    <Filter Include="Header Files\Modes">
      <UniqueIdentifier>{7a7551ae-3fcd-4fc6-9b42-c69cd7fd6b68}</UniqueIdentifier>
    </Filter>
    <Filter Include="Source Files\Modes">
      <UniqueIdentifier>{ebc64272-ad85-409d-b8c2-69e0e2eb4248}</UniqueIdentifier>
    </Filter>
    <Filter Include="Header Files\Params">
      <UniqueIdentifier>{6c945417-a695-421d-9d41-9b4f172891a8}</UniqueIdentifier>
    </Filter>
    <Filter Include="Source Files\Params">
      <UniqueIdentifier>{d56cea48-f296-4a1a-9f3b-aff8f0bbf5aa}</UniqueIdentifier>
    </Filter>
  </ItemGroup>
  <ItemGroup>
    <None Include="Stairs.ino" />
  </ItemGroup>
  <ItemGroup>
    <ClInclude Include="__vm\.Stairs.vsarduino.h">
      <Filter>Header Files</Filter>
    </ClInclude>
    <ClInclude Include="Lights.h">
      <Filter>Header Files</Filter>
    </ClInclude>
    <ClInclude Include="PowerSupplier.h">
      <Filter>Header Files</Filter>
    </ClInclude>
    <ClInclude Include="Sensor.h">
      <Filter>Header Files</Filter>
    </ClInclude>
    <ClInclude Include="Mode.h">
      <Filter>Header Files\Modes</Filter>
    </ClInclude>
    <ClInclude Include="Mode_01.h">
      <Filter>Header Files\Modes</Filter>
    </ClInclude>
    <ClInclude Include="Mode_02.h">
      <Filter>Header Files\Modes</Filter>
    </ClInclude>
    <ClInclude Include="Mode_03.h">
      <Filter>Header Files\Modes</Filter>
    </ClInclude>
    <ClInclude Include="Menu.h">
      <Filter>Header Files</Filter>
    </ClInclude>
    <ClInclude Include="Configuration.h">
      <Filter>Header Files\Params</Filter>
    </ClInclude>
    <ClInclude Include="ConfParam.h">
      <Filter>Header Files\Params</Filter>
    </ClInclude>
    <ClInclude Include="Indicator.h">
      <Filter>Header Files</Filter>
    </ClInclude>
    <ClInclude Include="HWconfiguration.h">
      <Filter>Header Files\Params</Filter>
    </ClInclude>
  </ItemGroup>
  <ItemGroup>
    <ClCompile Include="Lights.cpp">
      <Filter>Source Files</Filter>
    </ClCompile>
    <ClCompile Include="PowerSupplier.cpp">
      <Filter>Source Files</Filter>
    </ClCompile>
    <ClCompile Include="Sensor.cpp">
      <Filter>Source Files</Filter>
    </ClCompile>
    <ClCompile Include="Mode.cpp">
      <Filter>Source Files\Modes</Filter>
    </ClCompile>
    <ClCompile Include="Mode_01.cpp">
      <Filter>Source Files\Modes</Filter>
    </ClCompile>
    <ClCompile Include="Mode_02.cpp">
      <Filter>Source Files\Modes</Filter>
    </ClCompile>
    <ClCompile Include="Mode_03.cpp">
      <Filter>Source Files\Modes</Filter>
    </ClCompile>
    <ClCompile Include="Menu.cpp">
      <Filter>Source Files</Filter>
    </ClCompile>
    <ClCompile Include="Configuration.cpp">
      <Filter>Source Files\Params</Filter>
    </ClCompile>
    <ClCompile Include="ConfParam.cpp">
      <Filter>Source Files\Params</Filter>
    </ClCompile>
    <ClCompile Include="Indicator.cpp">
      <Filter>Source Files</Filter>
    </ClCompile>
    <ClCompile Include="HWconfiguration.cpp">
      <Filter>Source Files\Params</Filter>
    </ClCompile>
  </ItemGroup>
</Project>